
Microsoft Visual Studio Solution File, Format Version 12.00
# Visual Studio 15
VisualStudioVersion = 15.0.28307.102
MinimumVisualStudioVersion = 10.0.40219.1
Project("{FAE04EC0-301F-11D3-BF4B-00C04F79EFBC}") = "Module5ConsoleApp", "Module5ConsoleApp\Module5ConsoleApp.csproj", "{A5B7D27E-68D2-4887-A78D-706336F45435}"
EndProject
Global
	GlobalSection(SolutionConfigurationPlatforms) = preSolution
		Debug|Any CPU = Debug|Any CPU
		Release|Any CPU = Release|Any CPU
	EndGlobalSection
	GlobalSection(ProjectConfigurationPlatforms) = postSolution
		{A5B7D27E-68D2-4887-A78D-706336F45435}.Debug|Any CPU.ActiveCfg = Debug|Any CPU
		{A5B7D27E-68D2-4887-A78D-706336F45435}.Debug|Any CPU.Build.0 = Debug|Any CPU
		{A5B7D27E-68D2-4887-A78D-706336F45435}.Release|Any CPU.ActiveCfg = Release|Any CPU
		{A5B7D27E-68D2-4887-A78D-706336F45435}.Release|Any CPU.Build.0 = Release|Any CPU
	EndGlobalSection
	GlobalSection(SolutionProperties) = preSolution
		HideSolutionNode = FALSE
	EndGlobalSection
	GlobalSection(ExtensibilityGlobals) = postSolution
		SolutionGuid = {093D8892-A9FD-4CBA-BF85-7B62B8E06D5F}
	EndGlobalSection
EndGlobal
